// !$*UTF8*$!
{
	archiveVersion = 1;
	classes = {
	};
	objectVersion = 48;
	objects = {

/* Begin PBXBuildFile section */
		AA7269F02029526300C051CF /* AppDelegate.m in Sources */ = {isa = PBXBuildFile; fileRef = AA7269EF2029526300C051CF /* AppDelegate.m */; };
		AA7269F32029526300C051CF /* ViewController.m in Sources */ = {isa = PBXBuildFile; fileRef = AA7269F22029526300C051CF /* ViewController.m */; };
		AA7269F62029526300C051CF /* Main.storyboard in Resources */ = {isa = PBXBuildFile; fileRef = AA7269F42029526300C051CF /* Main.storyboard */; };
		AA7269F92029526300C051CF /* Objc_Message.xcdatamodeld in Sources */ = {isa = PBXBuildFile; fileRef = AA7269F72029526300C051CF /* Objc_Message.xcdatamodeld */; };
		AA7269FB2029526400C051CF /* Assets.xcassets in Resources */ = {isa = PBXBuildFile; fileRef = AA7269FA2029526400C051CF /* Assets.xcassets */; };
		AA7269FE2029526400C051CF /* LaunchScreen.storyboard in Resources */ = {isa = PBXBuildFile; fileRef = AA7269FC2029526400C051CF /* LaunchScreen.storyboard */; };
		AA726A012029526400C051CF /* main.m in Sources */ = {isa = PBXBuildFile; fileRef = AA726A002029526400C051CF /* main.m */; };
		AA726A092029530100C051CF /* Person.m in Sources */ = {isa = PBXBuildFile; fileRef = AA726A082029530100C051CF /* Person.m */; };
		AA726A0C20295E7E00C051CF /* NSURL+YAYUrl.m in Sources */ = {isa = PBXBuildFile; fileRef = AA726A0B20295E7E00C051CF /* NSURL+YAYUrl.m */; };
/* End PBXBuildFile section */

/* Begin PBXFileReference section */
		AA7269EB2029526300C051CF /* Objc_Message.app */ = {isa = PBXFileReference; explicitFileType = wrapper.application; includeInIndex = 0; path = Objc_Message.app; sourceTree = BUILT_PRODUCTS_DIR; };
		AA7269EE2029526300C051CF /* AppDelegate.h */ = {isa = PBXFileReference; lastKnownFileType = sourcecode.c.h; path = AppDelegate.h; sourceTree = "<group>"; };
		AA7269EF2029526300C051CF /* AppDelegate.m */ = {isa = PBXFileReference; lastKnownFileType = sourcecode.c.objc; path = AppDelegate.m; sourceTree = "<group>"; };
		AA7269F12029526300C051CF /* ViewController.h */ = {isa = PBXFileReference; lastKnownFileType = sourcecode.c.h; path = ViewController.h; sourceTree = "<group>"; };
		AA7269F22029526300C051CF /* ViewController.m */ = {isa = PBXFileReference; lastKnownFileType = sourcecode.c.objc; path = ViewController.m; sourceTree = "<group>"; };
		AA7269F52029526300C051CF /* Base */ = {isa = PBXFileReference; lastKnownFileType = file.storyboard; name = Base; path = Base.lproj/Main.storyboard; sourceTree = "<group>"; };
		AA7269F82029526300C051CF /* Objc_Message.xcdatamodel */ = {isa = PBXFileReference; lastKnownFileType = wrapper.xcdatamodel; path = Objc_Message.xcdatamodel; sourceTree = "<group>"; };
		AA7269FA2029526400C051CF /* Assets.xcassets */ = {isa = PBXFileReference; lastKnownFileType = folder.assetcatalog; path = Assets.xcassets; sourceTree = "<group>"; };
		AA7269FD2029526400C051CF /* Base */ = {isa = PBXFileReference; lastKnownFileType = file.storyboard; name = Base; path = Base.lproj/LaunchScreen.storyboard; sourceTree = "<group>"; };
		AA7269FF2029526400C051CF /* Info.plist */ = {isa = PBXFileReference; lastKnownFileType = text.plist.xml; path = Info.plist; sourceTree = "<group>"; };
		AA726A002029526400C051CF /* main.m */ = {isa = PBXFileReference; lastKnownFileType = sourcecode.c.objc; path = main.m; sourceTree = "<group>"; };
		AA726A072029530100C051CF /* Person.h */ = {isa = PBXFileReference; lastKnownFileType = sourcecode.c.h; path = Person.h; sourceTree = "<group>"; };
		AA726A082029530100C051CF /* Person.m */ = {isa = PBXFileReference; lastKnownFileType = sourcecode.c.objc; path = Person.m; sourceTree = "<group>"; };
		AA726A0A20295E7E00C051CF /* NSURL+YAYUrl.h */ = {isa = PBXFileReference; lastKnownFileType = sourcecode.c.h; path = "NSURL+YAYUrl.h"; sourceTree = "<group>"; };
		AA726A0B20295E7E00C051CF /* NSURL+YAYUrl.m */ = {isa = PBXFileReference; lastKnownFileType = sourcecode.c.objc; path = "NSURL+YAYUrl.m"; sourceTree = "<group>"; };
/* End PBXFileReference section */

/* Begin PBXFrameworksBuildPhase section */
		AA7269E82029526300C051CF /* Frameworks */ = {
			isa = PBXFrameworksBuildPhase;
			buildActionMask = 2147483647;
			files = (
			);
			runOnlyForDeploymentPostprocessing = 0;
		};
/* End PBXFrameworksBuildPhase section */

/* Begin PBXGroup section */
		AA7269E22029526300C051CF = {
			isa = PBXGroup;
			children = (
				AA7269ED2029526300C051CF /* Objc_Message */,
				AA7269EC2029526300C051CF /* Products */,
			);
			sourceTree = "<group>";
		};
		AA7269EC2029526300C051CF /* Products */ = {
			isa = PBXGroup;
			children = (
				AA7269EB2029526300C051CF /* Objc_Message.app */,
			);
			name = Products;
			sourceTree = "<group>";
		};
		AA7269ED2029526300C051CF /* Objc_Message */ = {
			isa = PBXGroup;
			children = (
				AA7269EE2029526300C051CF /* AppDelegate.h */,
				AA7269EF2029526300C051CF /* AppDelegate.m */,
				AA7269F12029526300C051CF /* ViewController.h */,
				AA7269F22029526300C051CF /* ViewController.m */,
				AA726A072029530100C051CF /* Person.h */,
				AA726A082029530100C051CF /* Person.m */,
				AA726A0A20295E7E00C051CF /* NSURL+YAYUrl.h */,
				AA726A0B20295E7E00C051CF /* NSURL+YAYUrl.m */,
				AA7269F42029526300C051CF /* Main.storyboard */,
				AA7269FA2029526400C051CF /* Assets.xcassets */,
				AA7269FC2029526400C051CF /* LaunchScreen.storyboard */,
				AA7269FF2029526400C051CF /* Info.plist */,
				AA726A002029526400C051CF /* main.m */,
				AA7269F72029526300C051CF /* Objc_Message.xcdatamodeld */,
			);
			path = Objc_Message;
			sourceTree = "<group>";
		};
/* End PBXGroup section */

/* Begin PBXNativeTarget section */
		AA7269EA2029526300C051CF /* Objc_Message */ = {
			isa = PBXNativeTarget;
			buildConfigurationList = AA726A042029526400C051CF /* Build configuration list for PBXNativeTarget "Objc_Message" */;
			buildPhases = (
				AA7269E72029526300C051CF /* Sources */,
				AA7269E82029526300C051CF /* Frameworks */,
				AA7269E92029526300C051CF /* Resources */,
			);
			buildRules = (
			);
			dependencies = (
			);
			name = Objc_Message;
			productName = Objc_Message;
			productReference = AA7269EB2029526300C051CF /* Objc_Message.app */;
			productType = "com.apple.product-type.application";
		};
/* End PBXNativeTarget section */

/* Begin PBXProject section */
		AA7269E32029526300C051CF /* Project object */ = {
			isa = PBXProject;
			attributes = {
				LastUpgradeCheck = 0920;
				ORGANIZATIONNAME = YAY;
				TargetAttributes = {
					AA7269EA2029526300C051CF = {
						CreatedOnToolsVersion = 9.2;
						ProvisioningStyle = Automatic;
					};
				};
			};
			buildConfigurationList = AA7269E62029526300C051CF /* Build configuration list for PBXProject "Objc_Message" */;
			compatibilityVersion = "Xcode 8.0";
			developmentRegion = en;
			hasScannedForEncodings = 0;
			knownRegions = (
				en,
				Base,
			);
			mainGroup = AA7269E22029526300C051CF;
			productRefGroup = AA7269EC2029526300C051CF /* Products */;
			projectDirPath = "";
			projectRoot = "";
			targets = (
				AA7269EA2029526300C051CF /* Objc_Message */,
			);
		};
/* End PBXProject section */

/* Begin PBXResourcesBuildPhase section */
		AA7269E92029526300C051CF /* Resources */ = {
			isa = PBXResourcesBuildPhase;
			buildActionMask = 2147483647;
			files = (
				AA7269FE2029526400C051CF /* LaunchScreen.storyboard in Resources */,
				AA7269FB2029526400C051CF /* Assets.xcassets in Resources */,
				AA7269F62029526300C051CF /* Main.storyboard in Resources */,
			);
			runOnlyForDeploymentPostprocessing = 0;
		};
/* End PBXResourcesBuildPhase section */

/* Begin PBXSourcesBuildPhase section */
		AA7269E72029526300C051CF /* Sources */ = {
			isa = PBXSourcesBuildPhase;
			buildActionMask = 2147483647;
			files = (
				AA7269F32029526300C051CF /* ViewController.m in Sources */,
				AA7269F92029526300C051CF /* Objc_Message.xcdatamodeld in Sources */,
				AA726A092029530100C051CF /* Person.m in Sources */,
				AA726A012029526400C051CF /* main.m in Sources */,
				AA726A0C20295E7E00C051CF /* NSURL+YAYUrl.m in Sources */,
				AA7269F02029526300C051CF /* AppDelegate.m in Sources */,
			);
			runOnlyForDeploymentPostprocessing = 0;
		};
/* End PBXSourcesBuildPhase section */

/* Begin PBXVariantGroup section */
		AA7269F42029526300C051CF /* Main.storyboard */ = {
			isa = PBXVariantGroup;
			children = (
				AA7269F52029526300C051CF /* Base */,
			);
			name = Main.storyboard;
			sourceTree = "<group>";
		};
		AA7269FC2029526400C051CF /* LaunchScreen.storyboard */ = {
			isa = PBXVariantGroup;
			children = (
				AA7269FD2029526400C051CF /* Base */,
			);
			name = LaunchScreen.storyboard;
			sourceTree = "<group>";
		};
/* End PBXVariantGroup section */

/* Begin XCBuildConfiguration section */
		AA726A022029526400C051CF /* Debug */ = {
			isa = XCBuildConfiguration;
			buildSettings = {
				ALWAYS_SEARCH_USER_PATHS = NO;
				CLANG_ANALYZER_NONNULL = YES;
				CLANG_ANALYZER_NUMBER_OBJECT_CONVERSION = YES_AGGRESSIVE;
				CLANG_CXX_LANGUAGE_STANDARD = "gnu++14";
				CLANG_CXX_LIBRARY = "libc++";
				CLANG_ENABLE_MODULES = YES;
				CLANG_ENABLE_OBJC_ARC = YES;
				CLANG_WARN_BLOCK_CAPTURE_AUTORELEASING = YES;
				CLANG_WARN_BOOL_CONVERSION = YES;
				CLANG_WARN_COMMA = YES;
				CLANG_WARN_CONSTANT_CONVERSION = YES;
				CLANG_WARN_DIRECT_OBJC_ISA_USAGE = YES_ERROR;
				CLANG_WARN_DOCUMENTATION_COMMENTS = YES;
				CLANG_WARN_EMPTY_BODY = YES;
				CLANG_WARN_ENUM_CONVERSION = YES;
				CLANG_WARN_INFINITE_RECURSION = YES;
				CLANG_WARN_INT_CONVERSION = YES;
				CLANG_WARN_NON_LITERAL_NULL_CONVERSION = YES;
				CLANG_WARN_OBJC_LITERAL_CONVERSION = YES;
				CLANG_WARN_OBJC_ROOT_CLASS = YES_ERROR;
				CLANG_WARN_RANGE_LOOP_ANALYSIS = YES;
				CLANG_WARN_STRICT_PROTOTYPES = YES;
				CLANG_WARN_SUSPICIOUS_MOVE = YES;
				CLANG_WARN_UNGUARDED_AVAILABILITY = YES_AGGRESSIVE;
				CLANG_WARN_UNREACHABLE_CODE = YES;
				CLANG_WARN__DUPLICATE_METHOD_MATCH = YES;
				CODE_SIGN_IDENTITY = "iPhone Developer";
				COPY_PHASE_STRIP = NO;
				DEBUG_INFORMATION_FORMAT = dwarf;
				ENABLE_STRICT_OBJC_MSGSEND = YES;
				ENABLE_TESTABILITY = YES;
				GCC_C_LANGUAGE_STANDARD = gnu11;
				GCC_DYNAMIC_NO_PIC = NO;
				GCC_NO_COMMON_BLOCKS = YES;
				GCC_OPTIMIZATION_LEVEL = 0;
				GCC_PREPROCESSOR_DEFINITIONS = (
					"DEBUG=1",
					"$(inherited)",
				);
				GCC_WARN_64_TO_32_BIT_CONVERSION = YES;
				GCC_WARN_ABOUT_RETURN_TYPE = YES_ERROR;
				GCC_WARN_UNDECLARED_SELECTOR = YES;
				GCC_WARN_UNINITIALIZED_AUTOS = YES_AGGRESSIVE;
				GCC_WARN_UNUSED_FUNCTION = YES;
				GCC_WARN_UNUSED_VARIABLE = YES;
				IPHONEOS_DEPLOYMENT_TARGET = 11.2;
				MTL_ENABLE_DEBUG_INFO = YES;
				ONLY_ACTIVE_ARCH = YES;
				SDKROOT = iphoneos;
			};
			name = Debug;
		};
		AA726A032029526400C051CF /* Release */ = {
			isa = XCBuildConfiguration;
			buildSettings = {
				ALWAYS_SEARCH_USER_PATHS = NO;
				CLANG_ANALYZER_NONNULL = YES;
				CLANG_ANALYZER_NUMBER_OBJECT_CONVERSION = YES_AGGRESSIVE;
				CLANG_CXX_LANGUAGE_STANDARD = "gnu++14";
				CLANG_CXX_LIBRARY = "libc++";
				CLANG_ENABLE_MODULES = YES;
				CLANG_ENABLE_OBJC_ARC = YES;
				CLANG_WARN_BLOCK_CAPTURE_AUTORELEASING = YES;
				CLANG_WARN_BOOL_CONVERSION = YES;
				CLANG_WARN_COMMA = YES;
				CLANG_WARN_CONSTANT_CONVERSION = YES;
				CLANG_WARN_DIRECT_OBJC_ISA_USAGE = YES_ERROR;
				CLANG_WARN_DOCUMENTATION_COMMENTS = YES;
				CLANG_WARN_EMPTY_BODY = YES;
				CLANG_WARN_ENUM_CONVERSION = YES;
				CLANG_WARN_INFINITE_RECURSION = YES;
				CLANG_WARN_INT_CONVERSION = YES;
				CLANG_WARN_NON_LITERAL_NULL_CONVERSION = YES;
				CLANG_WARN_OBJC_LITERAL_CONVERSION = YES;
				CLANG_WARN_OBJC_ROOT_CLASS = YES_ERROR;
				CLANG_WARN_RANGE_LOOP_ANALYSIS = YES;
				CLANG_WARN_STRICT_PROTOTYPES = YES;
				CLANG_WARN_SUSPICIOUS_MOVE = YES;
				CLANG_WARN_UNGUARDED_AVAILABILITY = YES_AGGRESSIVE;
				CLANG_WARN_UNREACHABLE_CODE = YES;
				CLANG_WARN__DUPLICATE_METHOD_MATCH = YES;
				CODE_SIGN_IDENTITY = "iPhone Developer";
				COPY_PHASE_STRIP = NO;
				DEBUG_INFORMATION_FORMAT = "dwarf-with-dsym";
				ENABLE_NS_ASSERTIONS = NO;
				ENABLE_STRICT_OBJC_MSGSEND = YES;
				GCC_C_LANGUAGE_STANDARD = gnu11;
				GCC_NO_COMMON_BLOCKS = YES;
				GCC_WARN_64_TO_32_BIT_CONVERSION = YES;
				GCC_WARN_ABOUT_RETURN_TYPE = YES_ERROR;
				GCC_WARN_UNDECLARED_SELECTOR = YES;
				GCC_WARN_UNINITIALIZED_AUTOS = YES_AGGRESSIVE;
				GCC_WARN_UNUSED_FUNCTION = YES;
				GCC_WARN_UNUSED_VARIABLE = YES;
				IPHONEOS_DEPLOYMENT_TARGET = 11.2;
				MTL_ENABLE_DEBUG_INFO = NO;
				SDKROOT = iphoneos;
				VALIDATE_PRODUCT = YES;
			};
			name = Release;
		};
		AA726A052029526400C051CF /* Debug */ = {
			isa = XCBuildConfiguration;
			buildSettings = {
				ASSETCATALOG_COMPILER_APPICON_NAME = AppIcon;
				CODE_SIGN_STYLE = Automatic;
				DEVELOPMENT_TEAM = M55CVJUGF4;
				ENABLE_STRICT_OBJC_MSGSEND = NO;
				INFOPLIST_FILE = Objc_Message/Info.plist;
				LD_RUNPATH_SEARCH_PATHS = "$(inherited) @executable_path/Frameworks";
				PRODUCT_BUNDLE_IDENTIFIER = "com.mycom.yay.Objc-Message";
				PRODUCT_NAME = "$(TARGET_NAME)";
				TARGETED_DEVICE_FAMILY = "1,2";
			};
			name = Debug;
		};
		AA726A062029526400C051CF /* Release */ = {
			isa = XCBuildConfiguration;
			buildSettings = {
				ASSETCATALOG_COMPILER_APPICON_NAME = AppIcon;
				CODE_SIGN_STYLE = Automatic;
				DEVELOPMENT_TEAM = M55CVJUGF4;
				ENABLE_STRICT_OBJC_MSGSEND = NO;
				INFOPLIST_FILE = Objc_Message/Info.plist;
				LD_RUNPATH_SEARCH_PATHS = "$(inherited) @executable_path/Frameworks";
				PRODUCT_BUNDLE_IDENTIFIER = "com.mycom.yay.Objc-Message";
				PRODUCT_NAME = "$(TARGET_NAME)";
				TARGETED_DEVICE_FAMILY = "1,2";
			};
			name = Release;
		};
/* End XCBuildConfiguration section */

/* Begin XCConfigurationList section */
		AA7269E62029526300C051CF /* Build configuration list for PBXProject "Objc_Message" */ = {
			isa = XCConfigurationList;
			buildConfigurations = (
				AA726A022029526400C051CF /* Debug */,
				AA726A032029526400C051CF /* Release */,
			);
			defaultConfigurationIsVisible = 0;
			defaultConfigurationName = Release;
		};
		AA726A042029526400C051CF /* Build configuration list for PBXNativeTarget "Objc_Message" */ = {
			isa = XCConfigurationList;
			buildConfigurations = (
				AA726A052029526400C051CF /* Debug */,
				AA726A062029526400C051CF /* Release */,
			);
			defaultConfigurationIsVisible = 0;
			defaultConfigurationName = Release;
		};
/* End XCConfigurationList section */

/* Begin XCVersionGroup section */
		AA7269F72029526300C051CF /* Objc_Message.xcdatamodeld */ = {
			isa = XCVersionGroup;
			children = (
				AA7269F82029526300C051CF /* Objc_Message.xcdatamodel */,
			);
			currentVersion = AA7269F82029526300C051CF /* Objc_Message.xcdatamodel */;
			path = Objc_Message.xcdatamodeld;
			sourceTree = "<group>";
			versionGroupType = wrapper.xcdatamodel;
		};
/* End XCVersionGroup section */
	};
	rootObject = AA7269E32029526300C051CF /* Project object */;
}
